
Microsoft Visual Studio Solution File, Format Version 12.00
Project("{FAE04EC0-301F-11D3-BF4B-00C04F79EFBC}") = "rcis_ep2_task_six", "rcis_ep2_task_six\rcis_ep2_task_six.csproj", "{C376C1A2-9D93-4447-95DC-89678AD316E3}"
EndProject
Global
	GlobalSection(SolutionConfigurationPlatforms) = preSolution
		Debug|Any CPU = Debug|Any CPU
		Release|Any CPU = Release|Any CPU
	EndGlobalSection
	GlobalSection(ProjectConfigurationPlatforms) = postSolution
		{C376C1A2-9D93-4447-95DC-89678AD316E3}.Debug|Any CPU.ActiveCfg = Debug|Any CPU
		{C376C1A2-9D93-4447-95DC-89678AD316E3}.Debug|Any CPU.Build.0 = Debug|Any CPU
		{C376C1A2-9D93-4447-95DC-89678AD316E3}.Release|Any CPU.ActiveCfg = Release|Any CPU
		{C376C1A2-9D93-4447-95DC-89678AD316E3}.Release|Any CPU.Build.0 = Release|Any CPU
	EndGlobalSection
EndGlobal
